// !$*UTF8*$!
{
	archiveVersion = 1;
	classes = {
	};
	objectVersion = 46;
	objects = {

/* Begin PBXBuildFile section */
		000028731AB8664700099B45 /* CloudKit.framework in Frameworks */ = {isa = PBXBuildFile; fileRef = 000028721AB8664700099B45 /* CloudKit.framework */; };
		0021A1C11AB86A8F00DA7114 /* CloudModel.m in Sources */ = {isa = PBXBuildFile; fileRef = 0021A1C01AB86A8F00DA7114 /* CloudModel.m */; };
		0021A1C41AB86BA900DA7114 /* UserInfo.m in Sources */ = {isa = PBXBuildFile; fileRef = 0021A1C31AB86BA900DA7114 /* UserInfo.m */; };
		0021A1C71AB8AE7B00DA7114 /* ImportOperation.m in Sources */ = {isa = PBXBuildFile; fileRef = 0021A1C61AB8AE7B00DA7114 /* ImportOperation.m */; };
		0021A1CD1AB8D1EA00DA7114 /* PendingOperations.m in Sources */ = {isa = PBXBuildFile; fileRef = 0021A1CC1AB8D1EA00DA7114 /* PendingOperations.m */; };
		007A4B301A8D775D00559027 /* main.m in Sources */ = {isa = PBXBuildFile; fileRef = 007A4B2F1A8D775D00559027 /* main.m */; };
		007A4B331A8D775D00559027 /* AppDelegate.m in Sources */ = {isa = PBXBuildFile; fileRef = 007A4B321A8D775D00559027 /* AppDelegate.m */; };
		007A4B391A8D775D00559027 /* Main.storyboard in Resources */ = {isa = PBXBuildFile; fileRef = 007A4B371A8D775D00559027 /* Main.storyboard */; };
		007A4B3B1A8D775D00559027 /* Images.xcassets in Resources */ = {isa = PBXBuildFile; fileRef = 007A4B3A1A8D775D00559027 /* Images.xcassets */; };
		007A4B3E1A8D775D00559027 /* LaunchScreen.xib in Resources */ = {isa = PBXBuildFile; fileRef = 007A4B3C1A8D775D00559027 /* LaunchScreen.xib */; };
		007A4B4A1A8D775D00559027 /* Launchpad_chatTests.m in Sources */ = {isa = PBXBuildFile; fileRef = 007A4B491A8D775D00559027 /* Launchpad_chatTests.m */; };
		00F9DA6E1AAFA5B000E691D7 /* DialogTableViewController.m in Sources */ = {isa = PBXBuildFile; fileRef = 00F9DA6D1AAFA5B000E691D7 /* DialogTableViewController.m */; };
		3D3178831AA67C7A0072EC26 /* UIUserTableViewCell.m in Sources */ = {isa = PBXBuildFile; fileRef = 3D3178821AA67C7A0072EC26 /* UIUserTableViewCell.m */; };
		CFC71E231A9FDFAB0083E005 /* ConversationTableViewController.m in Sources */ = {isa = PBXBuildFile; fileRef = CFC71E221A9FDFAB0083E005 /* ConversationTableViewController.m */; };
		D7B905E21A942095004BC539 /* LoginViewController.m in Sources */ = {isa = PBXBuildFile; fileRef = D7B905E11A942095004BC539 /* LoginViewController.m */; };
		E703FEE31A9D4B730073FE56 /* UIMessageListViewController.m in Sources */ = {isa = PBXBuildFile; fileRef = E703FEE21A9D4B730073FE56 /* UIMessageListViewController.m */; };
		E703FEE71A9D4BC60073FE56 /* Message+Additions.m in Sources */ = {isa = PBXBuildFile; fileRef = E703FEE61A9D4BC60073FE56 /* Message+Additions.m */; };
		E77ED7501A9FF67F00D1B227 /* OnlineStatusView.m in Sources */ = {isa = PBXBuildFile; fileRef = E77ED74D1A9FF67F00D1B227 /* OnlineStatusView.m */; };
		E77ED7511A9FF67F00D1B227 /* ProfilePicturesImageView.m in Sources */ = {isa = PBXBuildFile; fileRef = E77ED74F1A9FF67F00D1B227 /* ProfilePicturesImageView.m */; };
		E77F1E251A9FEA320012534A /* Conversation.m in Sources */ = {isa = PBXBuildFile; fileRef = E77F1E241A9FEA320012534A /* Conversation.m */; };
		E77F1E281A9FF7970012534A /* User.m in Sources */ = {isa = PBXBuildFile; fileRef = E77F1E271A9FF7970012534A /* User.m */; };
		E78320691A96BFF6000E3ABC /* UserAdditionsTests.m in Sources */ = {isa = PBXBuildFile; fileRef = E78320681A96BFF6000E3ABC /* UserAdditionsTests.m */; };
		E783207F1A96C031000E3ABC /* Conversation+Additions.m in Sources */ = {isa = PBXBuildFile; fileRef = E783206D1A96C031000E3ABC /* Conversation+Additions.m */; };
		E78320801A96C031000E3ABC /* CoreDataTableViewController.m in Sources */ = {isa = PBXBuildFile; fileRef = E783206F1A96C031000E3ABC /* CoreDataTableViewController.m */; };
		E78320811A96C031000E3ABC /* Message.m in Sources */ = {isa = PBXBuildFile; fileRef = E78320711A96C031000E3ABC /* Message.m */; };
		E78320821A96C031000E3ABC /* Sent.xcdatamodeld in Sources */ = {isa = PBXBuildFile; fileRef = E78320721A96C031000E3ABC /* Sent.xcdatamodeld */; };
		E78320831A96C031000E3ABC /* UIConversationViewController.m in Sources */ = {isa = PBXBuildFile; fileRef = E78320751A96C031000E3ABC /* UIConversationViewController.m */; };
		E78320841A96C031000E3ABC /* UIMessagesViewController.m in Sources */ = {isa = PBXBuildFile; fileRef = E78320771A96C031000E3ABC /* UIMessagesViewController.m */; };
		E78320861A96C031000E3ABC /* User+Additions.m in Sources */ = {isa = PBXBuildFile; fileRef = E783207B1A96C031000E3ABC /* User+Additions.m */; };
		E78320871A96C031000E3ABC /* UserTableViewController.m in Sources */ = {isa = PBXBuildFile; fileRef = E783207D1A96C031000E3ABC /* UserTableViewController.m */; };
		E78B153C1AA67ADB0007028C /* MessageAdditionsTests.m in Sources */ = {isa = PBXBuildFile; fileRef = E78B153B1AA67ADB0007028C /* MessageAdditionsTests.m */; };
		E796D2961A96B78100FBC9E0 /* UINewMessageViewController.m in Sources */ = {isa = PBXBuildFile; fileRef = E796D2951A96B78100FBC9E0 /* UINewMessageViewController.m */; };
		E796D2991A96B7ED00FBC9E0 /* UINewUserViewController.m in Sources */ = {isa = PBXBuildFile; fileRef = E796D2981A96B7ED00FBC9E0 /* UINewUserViewController.m */; };
		E79D13EE1A9D57A600D9E880 /* LoginTextField.m in Sources */ = {isa = PBXBuildFile; fileRef = E79D13ED1A9D57A600D9E880 /* LoginTextField.m */; };
		EF17FCDD1AA92413006D236D /* ConversationAdditionsTests.m in Sources */ = {isa = PBXBuildFile; fileRef = EF17FCDC1AA92413006D236D /* ConversationAdditionsTests.m */; };
		F0ADD8FB1AB8F31A00369B59 /* UISetAvatarViewController.m in Sources */ = {isa = PBXBuildFile; fileRef = F0ADD8FA1AB8F31A00369B59 /* UISetAvatarViewController.m */; };
/* End PBXBuildFile section */

/* Begin PBXContainerItemProxy section */
		007A4B441A8D775D00559027 /* PBXContainerItemProxy */ = {
			isa = PBXContainerItemProxy;
			containerPortal = 007A4B221A8D775D00559027 /* Project object */;
			proxyType = 1;
			remoteGlobalIDString = 007A4B291A8D775D00559027;
			remoteInfo = "Launchpad-chat";
		};
/* End PBXContainerItemProxy section */

/* Begin PBXFileReference section */
		000028711AB8663F00099B45 /* Launchpad-chat.entitlements */ = {isa = PBXFileReference; lastKnownFileType = text.xml; path = "Launchpad-chat.entitlements"; sourceTree = "<group>"; };
		000028721AB8664700099B45 /* CloudKit.framework */ = {isa = PBXFileReference; lastKnownFileType = wrapper.framework; name = CloudKit.framework; path = System/Library/Frameworks/CloudKit.framework; sourceTree = SDKROOT; };
		0021A1BF1AB86A8F00DA7114 /* CloudModel.h */ = {isa = PBXFileReference; fileEncoding = 4; lastKnownFileType = sourcecode.c.h; path = CloudModel.h; sourceTree = "<group>"; };
		0021A1C01AB86A8F00DA7114 /* CloudModel.m */ = {isa = PBXFileReference; fileEncoding = 4; lastKnownFileType = sourcecode.c.objc; path = CloudModel.m; sourceTree = "<group>"; };
		0021A1C21AB86BA900DA7114 /* UserInfo.h */ = {isa = PBXFileReference; fileEncoding = 4; lastKnownFileType = sourcecode.c.h; path = UserInfo.h; sourceTree = "<group>"; };
		0021A1C31AB86BA900DA7114 /* UserInfo.m */ = {isa = PBXFileReference; fileEncoding = 4; lastKnownFileType = sourcecode.c.objc; path = UserInfo.m; sourceTree = "<group>"; };
		0021A1C51AB8AE7B00DA7114 /* ImportOperation.h */ = {isa = PBXFileReference; fileEncoding = 4; lastKnownFileType = sourcecode.c.h; path = ImportOperation.h; sourceTree = "<group>"; };
		0021A1C61AB8AE7B00DA7114 /* ImportOperation.m */ = {isa = PBXFileReference; fileEncoding = 4; lastKnownFileType = sourcecode.c.objc; path = ImportOperation.m; sourceTree = "<group>"; };
		0021A1CB1AB8D1EA00DA7114 /* PendingOperations.h */ = {isa = PBXFileReference; fileEncoding = 4; lastKnownFileType = sourcecode.c.h; path = PendingOperations.h; sourceTree = "<group>"; };
		0021A1CC1AB8D1EA00DA7114 /* PendingOperations.m */ = {isa = PBXFileReference; fileEncoding = 4; lastKnownFileType = sourcecode.c.objc; path = PendingOperations.m; sourceTree = "<group>"; };
		007A4B2A1A8D775D00559027 /* Launchpad-chat.app */ = {isa = PBXFileReference; explicitFileType = wrapper.application; includeInIndex = 0; path = "Launchpad-chat.app"; sourceTree = BUILT_PRODUCTS_DIR; };
		007A4B2E1A8D775D00559027 /* Info.plist */ = {isa = PBXFileReference; lastKnownFileType = text.plist.xml; path = Info.plist; sourceTree = "<group>"; };
		007A4B2F1A8D775D00559027 /* main.m */ = {isa = PBXFileReference; lastKnownFileType = sourcecode.c.objc; path = main.m; sourceTree = "<group>"; };
		007A4B311A8D775D00559027 /* AppDelegate.h */ = {isa = PBXFileReference; lastKnownFileType = sourcecode.c.h; path = AppDelegate.h; sourceTree = "<group>"; };
		007A4B321A8D775D00559027 /* AppDelegate.m */ = {isa = PBXFileReference; lastKnownFileType = sourcecode.c.objc; path = AppDelegate.m; sourceTree = "<group>"; };
		007A4B381A8D775D00559027 /* Base */ = {isa = PBXFileReference; lastKnownFileType = file.storyboard; name = Base; path = Base.lproj/Main.storyboard; sourceTree = "<group>"; };
		007A4B3A1A8D775D00559027 /* Images.xcassets */ = {isa = PBXFileReference; lastKnownFileType = folder.assetcatalog; path = Images.xcassets; sourceTree = "<group>"; };
		007A4B3D1A8D775D00559027 /* Base */ = {isa = PBXFileReference; lastKnownFileType = file.xib; name = Base; path = Base.lproj/LaunchScreen.xib; sourceTree = "<group>"; };
		007A4B431A8D775D00559027 /* Launchpad-chatTests.xctest */ = {isa = PBXFileReference; explicitFileType = wrapper.cfbundle; includeInIndex = 0; path = "Launchpad-chatTests.xctest"; sourceTree = BUILT_PRODUCTS_DIR; };
		007A4B481A8D775D00559027 /* Info.plist */ = {isa = PBXFileReference; lastKnownFileType = text.plist.xml; path = Info.plist; sourceTree = "<group>"; };
		007A4B491A8D775D00559027 /* Launchpad_chatTests.m */ = {isa = PBXFileReference; lastKnownFileType = sourcecode.c.objc; path = Launchpad_chatTests.m; sourceTree = "<group>"; };
		00F9DA6C1AAFA5B000E691D7 /* DialogTableViewController.h */ = {isa = PBXFileReference; fileEncoding = 4; lastKnownFileType = sourcecode.c.h; path = DialogTableViewController.h; sourceTree = "<group>"; };
		00F9DA6D1AAFA5B000E691D7 /* DialogTableViewController.m */ = {isa = PBXFileReference; fileEncoding = 4; lastKnownFileType = sourcecode.c.objc; path = DialogTableViewController.m; sourceTree = "<group>"; };
		3D3178811AA67C7A0072EC26 /* UIUserTableViewCell.h */ = {isa = PBXFileReference; fileEncoding = 4; lastKnownFileType = sourcecode.c.h; path = UIUserTableViewCell.h; sourceTree = "<group>"; };
		3D3178821AA67C7A0072EC26 /* UIUserTableViewCell.m */ = {isa = PBXFileReference; fileEncoding = 4; lastKnownFileType = sourcecode.c.objc; path = UIUserTableViewCell.m; sourceTree = "<group>"; };
		CFC71E211A9FDFAB0083E005 /* ConversationTableViewController.h */ = {isa = PBXFileReference; fileEncoding = 4; lastKnownFileType = sourcecode.c.h; path = ConversationTableViewController.h; sourceTree = "<group>"; };
		CFC71E221A9FDFAB0083E005 /* ConversationTableViewController.m */ = {isa = PBXFileReference; fileEncoding = 4; lastKnownFileType = sourcecode.c.objc; path = ConversationTableViewController.m; sourceTree = "<group>"; };
		D7B905E01A942095004BC539 /* LoginViewController.h */ = {isa = PBXFileReference; fileEncoding = 4; lastKnownFileType = sourcecode.c.h; path = LoginViewController.h; sourceTree = "<group>"; };
		D7B905E11A942095004BC539 /* LoginViewController.m */ = {isa = PBXFileReference; fileEncoding = 4; lastKnownFileType = sourcecode.c.objc; path = LoginViewController.m; sourceTree = "<group>"; };
		E703FEE11A9D4B730073FE56 /* UIMessageListViewController.h */ = {isa = PBXFileReference; fileEncoding = 4; lastKnownFileType = sourcecode.c.h; path = UIMessageListViewController.h; sourceTree = "<group>"; };
		E703FEE21A9D4B730073FE56 /* UIMessageListViewController.m */ = {isa = PBXFileReference; fileEncoding = 4; lastKnownFileType = sourcecode.c.objc; path = UIMessageListViewController.m; sourceTree = "<group>"; };
		E703FEE41A9D4B910073FE56 /* UIConversationViewController.h */ = {isa = PBXFileReference; lastKnownFileType = sourcecode.c.h; path = UIConversationViewController.h; sourceTree = "<group>"; };
		E703FEE51A9D4BC60073FE56 /* Message+Additions.h */ = {isa = PBXFileReference; fileEncoding = 4; lastKnownFileType = sourcecode.c.h; path = "Message+Additions.h"; sourceTree = "<group>"; };
		E703FEE61A9D4BC60073FE56 /* Message+Additions.m */ = {isa = PBXFileReference; fileEncoding = 4; lastKnownFileType = sourcecode.c.objc; path = "Message+Additions.m"; sourceTree = "<group>"; };
		E77ED74C1A9FF67F00D1B227 /* OnlineStatusView.h */ = {isa = PBXFileReference; fileEncoding = 4; lastKnownFileType = sourcecode.c.h; path = OnlineStatusView.h; sourceTree = "<group>"; };
		E77ED74D1A9FF67F00D1B227 /* OnlineStatusView.m */ = {isa = PBXFileReference; fileEncoding = 4; lastKnownFileType = sourcecode.c.objc; path = OnlineStatusView.m; sourceTree = "<group>"; };
		E77ED74E1A9FF67F00D1B227 /* ProfilePicturesImageView.h */ = {isa = PBXFileReference; fileEncoding = 4; lastKnownFileType = sourcecode.c.h; path = ProfilePicturesImageView.h; sourceTree = "<group>"; };
		E77ED74F1A9FF67F00D1B227 /* ProfilePicturesImageView.m */ = {isa = PBXFileReference; fileEncoding = 4; lastKnownFileType = sourcecode.c.objc; path = ProfilePicturesImageView.m; sourceTree = "<group>"; };
		E77F1E231A9FEA320012534A /* Conversation.h */ = {isa = PBXFileReference; fileEncoding = 4; lastKnownFileType = sourcecode.c.h; path = Conversation.h; sourceTree = "<group>"; };
		E77F1E241A9FEA320012534A /* Conversation.m */ = {isa = PBXFileReference; fileEncoding = 4; lastKnownFileType = sourcecode.c.objc; path = Conversation.m; sourceTree = "<group>"; };
		E77F1E261A9FF7970012534A /* User.h */ = {isa = PBXFileReference; fileEncoding = 4; lastKnownFileType = sourcecode.c.h; path = User.h; sourceTree = "<group>"; };
		E77F1E271A9FF7970012534A /* User.m */ = {isa = PBXFileReference; fileEncoding = 4; lastKnownFileType = sourcecode.c.objc; path = User.m; sourceTree = "<group>"; };
		E78320681A96BFF6000E3ABC /* UserAdditionsTests.m */ = {isa = PBXFileReference; fileEncoding = 4; lastKnownFileType = sourcecode.c.objc; path = UserAdditionsTests.m; sourceTree = "<group>"; };
		E783206C1A96C031000E3ABC /* Conversation+Additions.h */ = {isa = PBXFileReference; fileEncoding = 4; lastKnownFileType = sourcecode.c.h; path = "Conversation+Additions.h"; sourceTree = "<group>"; };
		E783206D1A96C031000E3ABC /* Conversation+Additions.m */ = {isa = PBXFileReference; fileEncoding = 4; lastKnownFileType = sourcecode.c.objc; path = "Conversation+Additions.m"; sourceTree = "<group>"; };
		E783206E1A96C031000E3ABC /* CoreDataTableViewController.h */ = {isa = PBXFileReference; fileEncoding = 4; lastKnownFileType = sourcecode.c.h; path = CoreDataTableViewController.h; sourceTree = "<group>"; };
		E783206F1A96C031000E3ABC /* CoreDataTableViewController.m */ = {isa = PBXFileReference; fileEncoding = 4; lastKnownFileType = sourcecode.c.objc; path = CoreDataTableViewController.m; sourceTree = "<group>"; };
		E78320701A96C031000E3ABC /* Message.h */ = {isa = PBXFileReference; fileEncoding = 4; lastKnownFileType = sourcecode.c.h; path = Message.h; sourceTree = "<group>"; };
		E78320711A96C031000E3ABC /* Message.m */ = {isa = PBXFileReference; fileEncoding = 4; lastKnownFileType = sourcecode.c.objc; path = Message.m; sourceTree = "<group>"; };
		E78320731A96C031000E3ABC /* Sent.xcdatamodel */ = {isa = PBXFileReference; lastKnownFileType = wrapper.xcdatamodel; path = Sent.xcdatamodel; sourceTree = "<group>"; };
		E78320751A96C031000E3ABC /* UIConversationViewController.m */ = {isa = PBXFileReference; fileEncoding = 4; lastKnownFileType = sourcecode.c.objc; path = UIConversationViewController.m; sourceTree = "<group>"; };
		E78320761A96C031000E3ABC /* UIMessagesViewController.h */ = {isa = PBXFileReference; fileEncoding = 4; lastKnownFileType = sourcecode.c.h; path = UIMessagesViewController.h; sourceTree = "<group>"; };
		E78320771A96C031000E3ABC /* UIMessagesViewController.m */ = {isa = PBXFileReference; fileEncoding = 4; lastKnownFileType = sourcecode.c.objc; path = UIMessagesViewController.m; sourceTree = "<group>"; };
		E783207A1A96C031000E3ABC /* User+Additions.h */ = {isa = PBXFileReference; fileEncoding = 4; lastKnownFileType = sourcecode.c.h; path = "User+Additions.h"; sourceTree = "<group>"; };
		E783207B1A96C031000E3ABC /* User+Additions.m */ = {isa = PBXFileReference; fileEncoding = 4; lastKnownFileType = sourcecode.c.objc; path = "User+Additions.m"; sourceTree = "<group>"; };
		E783207C1A96C031000E3ABC /* UserTableViewController.h */ = {isa = PBXFileReference; fileEncoding = 4; lastKnownFileType = sourcecode.c.h; path = UserTableViewController.h; sourceTree = "<group>"; };
		E783207D1A96C031000E3ABC /* UserTableViewController.m */ = {isa = PBXFileReference; fileEncoding = 4; lastKnownFileType = sourcecode.c.objc; path = UserTableViewController.m; sourceTree = "<group>"; };
		E78B153B1AA67ADB0007028C /* MessageAdditionsTests.m */ = {isa = PBXFileReference; fileEncoding = 4; lastKnownFileType = sourcecode.c.objc; path = MessageAdditionsTests.m; sourceTree = "<group>"; };
		E796D2941A96B78100FBC9E0 /* UINewMessageViewController.h */ = {isa = PBXFileReference; fileEncoding = 4; lastKnownFileType = sourcecode.c.h; path = UINewMessageViewController.h; sourceTree = "<group>"; };
		E796D2951A96B78100FBC9E0 /* UINewMessageViewController.m */ = {isa = PBXFileReference; fileEncoding = 4; lastKnownFileType = sourcecode.c.objc; path = UINewMessageViewController.m; sourceTree = "<group>"; };
		E796D2971A96B7ED00FBC9E0 /* UINewUserViewController.h */ = {isa = PBXFileReference; fileEncoding = 4; lastKnownFileType = sourcecode.c.h; path = UINewUserViewController.h; sourceTree = "<group>"; };
		E796D2981A96B7ED00FBC9E0 /* UINewUserViewController.m */ = {isa = PBXFileReference; fileEncoding = 4; lastKnownFileType = sourcecode.c.objc; path = UINewUserViewController.m; sourceTree = "<group>"; };
		E79D13EC1A9D57A600D9E880 /* LoginTextField.h */ = {isa = PBXFileReference; fileEncoding = 4; lastKnownFileType = sourcecode.c.h; path = LoginTextField.h; sourceTree = "<group>"; };
		E79D13ED1A9D57A600D9E880 /* LoginTextField.m */ = {isa = PBXFileReference; fileEncoding = 4; lastKnownFileType = sourcecode.c.objc; path = LoginTextField.m; sourceTree = "<group>"; };
		EF17FCDC1AA92413006D236D /* ConversationAdditionsTests.m */ = {isa = PBXFileReference; fileEncoding = 4; lastKnownFileType = sourcecode.c.objc; name = ConversationAdditionsTests.m; path = "Launchpad-chatTests/ConversationAdditionsTests.m"; sourceTree = SOURCE_ROOT; };
		F0ADD8F91AB8F31A00369B59 /* UISetAvatarViewController.h */ = {isa = PBXFileReference; fileEncoding = 4; lastKnownFileType = sourcecode.c.h; path = UISetAvatarViewController.h; sourceTree = "<group>"; };
		F0ADD8FA1AB8F31A00369B59 /* UISetAvatarViewController.m */ = {isa = PBXFileReference; fileEncoding = 4; lastKnownFileType = sourcecode.c.objc; path = UISetAvatarViewController.m; sourceTree = "<group>"; };
/* End PBXFileReference section */

/* Begin PBXFrameworksBuildPhase section */
		007A4B271A8D775D00559027 /* Frameworks */ = {
			isa = PBXFrameworksBuildPhase;
			buildActionMask = 2147483647;
			files = (
				000028731AB8664700099B45 /* CloudKit.framework in Frameworks */,
			);
			runOnlyForDeploymentPostprocessing = 0;
		};
		007A4B401A8D775D00559027 /* Frameworks */ = {
			isa = PBXFrameworksBuildPhase;
			buildActionMask = 2147483647;
			files = (
			);
			runOnlyForDeploymentPostprocessing = 0;
		};
/* End PBXFrameworksBuildPhase section */

/* Begin PBXGroup section */
		007A4B211A8D775D00559027 = {
			isa = PBXGroup;
			children = (
				000028721AB8664700099B45 /* CloudKit.framework */,
				007A4B2C1A8D775D00559027 /* Launchpad-chat */,
				007A4B461A8D775D00559027 /* Launchpad-chatTests */,
				007A4B2B1A8D775D00559027 /* Products */,
			);
			sourceTree = "<group>";
		};
		007A4B2B1A8D775D00559027 /* Products */ = {
			isa = PBXGroup;
			children = (
				007A4B2A1A8D775D00559027 /* Launchpad-chat.app */,
				007A4B431A8D775D00559027 /* Launchpad-chatTests.xctest */,
			);
			name = Products;
			sourceTree = "<group>";
		};
		007A4B2C1A8D775D00559027 /* Launchpad-chat */ = {
			isa = PBXGroup;
			children = (
				000028711AB8663F00099B45 /* Launchpad-chat.entitlements */,
				EF411DD61A96F97800BA14B9 /* Controller */,
				EF411DD41A96F92700BA14B9 /* Model */,
				007A4B311A8D775D00559027 /* AppDelegate.h */,
				007A4B321A8D775D00559027 /* AppDelegate.m */,
				E79D13EB1A9D578A00D9E880 /* Views */,
				007A4B371A8D775D00559027 /* Main.storyboard */,
				007A4B3A1A8D775D00559027 /* Images.xcassets */,
				007A4B3C1A8D775D00559027 /* LaunchScreen.xib */,
				007A4B2D1A8D775D00559027 /* Supporting Files */,
			);
			path = "Launchpad-chat";
			sourceTree = "<group>";
		};
		007A4B2D1A8D775D00559027 /* Supporting Files */ = {
			isa = PBXGroup;
			children = (
				007A4B2E1A8D775D00559027 /* Info.plist */,
				007A4B2F1A8D775D00559027 /* main.m */,
			);
			name = "Supporting Files";
			sourceTree = "<group>";
		};
		007A4B461A8D775D00559027 /* Launchpad-chatTests */ = {
			isa = PBXGroup;
			children = (
				EF17FCDC1AA92413006D236D /* ConversationAdditionsTests.m */,
				007A4B491A8D775D00559027 /* Launchpad_chatTests.m */,
				E78320681A96BFF6000E3ABC /* UserAdditionsTests.m */,
				E78B153B1AA67ADB0007028C /* MessageAdditionsTests.m */,
				007A4B471A8D775D00559027 /* Supporting Files */,
			);
			path = "Launchpad-chatTests";
			sourceTree = "<group>";
		};
		007A4B471A8D775D00559027 /* Supporting Files */ = {
			isa = PBXGroup;
			children = (
				007A4B481A8D775D00559027 /* Info.plist */,
			);
			name = "Supporting Files";
			sourceTree = "<group>";
		};
		E79D13EB1A9D578A00D9E880 /* Views */ = {
			isa = PBXGroup;
			children = (
				3D3178811AA67C7A0072EC26 /* UIUserTableViewCell.h */,
				3D3178821AA67C7A0072EC26 /* UIUserTableViewCell.m */,
				E79D13EC1A9D57A600D9E880 /* LoginTextField.h */,
				E79D13ED1A9D57A600D9E880 /* LoginTextField.m */,
				E77ED74C1A9FF67F00D1B227 /* OnlineStatusView.h */,
				E77ED74D1A9FF67F00D1B227 /* OnlineStatusView.m */,
				E77ED74E1A9FF67F00D1B227 /* ProfilePicturesImageView.h */,
				E77ED74F1A9FF67F00D1B227 /* ProfilePicturesImageView.m */,
			);
			name = Views;
			sourceTree = "<group>";
		};
		EF411DD41A96F92700BA14B9 /* Model */ = {
			isa = PBXGroup;
			children = (
				EF411DD51A96F92F00BA14B9 /* Messages */,
			);
			name = Model;
			sourceTree = "<group>";
		};
		EF411DD51A96F92F00BA14B9 /* Messages */ = {
			isa = PBXGroup;
			children = (
				E77F1E261A9FF7970012534A /* User.h */,
				E77F1E271A9FF7970012534A /* User.m */,
				E78320721A96C031000E3ABC /* Sent.xcdatamodeld */,
				E783207A1A96C031000E3ABC /* User+Additions.h */,
				E783207B1A96C031000E3ABC /* User+Additions.m */,
				E78320701A96C031000E3ABC /* Message.h */,
				E78320711A96C031000E3ABC /* Message.m */,
				E783206C1A96C031000E3ABC /* Conversation+Additions.h */,
				E783206D1A96C031000E3ABC /* Conversation+Additions.m */,
				E703FEE51A9D4BC60073FE56 /* Message+Additions.h */,
				E703FEE61A9D4BC60073FE56 /* Message+Additions.m */,
				E77F1E231A9FEA320012534A /* Conversation.h */,
				E77F1E241A9FEA320012534A /* Conversation.m */,
				0021A1C21AB86BA900DA7114 /* UserInfo.h */,
				0021A1C31AB86BA900DA7114 /* UserInfo.m */,
				0021A1BF1AB86A8F00DA7114 /* CloudModel.h */,
				0021A1C01AB86A8F00DA7114 /* CloudModel.m */,
				0021A1C51AB8AE7B00DA7114 /* ImportOperation.h */,
				0021A1C61AB8AE7B00DA7114 /* ImportOperation.m */,
				0021A1CB1AB8D1EA00DA7114 /* PendingOperations.h */,
				0021A1CC1AB8D1EA00DA7114 /* PendingOperations.m */,
			);
			name = Messages;
			sourceTree = "<group>";
		};
		EF411DD61A96F97800BA14B9 /* Controller */ = {
			isa = PBXGroup;
			children = (
				E703FEE41A9D4B910073FE56 /* UIConversationViewController.h */,
				E78320751A96C031000E3ABC /* UIConversationViewController.m */,
				CFC71E211A9FDFAB0083E005 /* ConversationTableViewController.h */,
				CFC71E221A9FDFAB0083E005 /* ConversationTableViewController.m */,
				E78320761A96C031000E3ABC /* UIMessagesViewController.h */,
				E78320771A96C031000E3ABC /* UIMessagesViewController.m */,
				E783207C1A96C031000E3ABC /* UserTableViewController.h */,
				E783207D1A96C031000E3ABC /* UserTableViewController.m */,
				00F9DA6C1AAFA5B000E691D7 /* DialogTableViewController.h */,
				00F9DA6D1AAFA5B000E691D7 /* DialogTableViewController.m */,
				D7B905E01A942095004BC539 /* LoginViewController.h */,
				D7B905E11A942095004BC539 /* LoginViewController.m */,
				E796D2971A96B7ED00FBC9E0 /* UINewUserViewController.h */,
				E796D2981A96B7ED00FBC9E0 /* UINewUserViewController.m */,
				E796D2941A96B78100FBC9E0 /* UINewMessageViewController.h */,
				E796D2951A96B78100FBC9E0 /* UINewMessageViewController.m */,
				E783206E1A96C031000E3ABC /* CoreDataTableViewController.h */,
				E783206F1A96C031000E3ABC /* CoreDataTableViewController.m */,
				E703FEE11A9D4B730073FE56 /* UIMessageListViewController.h */,
				E703FEE21A9D4B730073FE56 /* UIMessageListViewController.m */,
				F0ADD8F91AB8F31A00369B59 /* UISetAvatarViewController.h */,
				F0ADD8FA1AB8F31A00369B59 /* UISetAvatarViewController.m */,
			);
			name = Controller;
			sourceTree = "<group>";
		};
/* End PBXGroup section */

/* Begin PBXNativeTarget section */
		007A4B291A8D775D00559027 /* Launchpad-chat */ = {
			isa = PBXNativeTarget;
			buildConfigurationList = 007A4B4D1A8D775D00559027 /* Build configuration list for PBXNativeTarget "Launchpad-chat" */;
			buildPhases = (
				007A4B261A8D775D00559027 /* Sources */,
				007A4B271A8D775D00559027 /* Frameworks */,
				007A4B281A8D775D00559027 /* Resources */,
			);
			buildRules = (
			);
			dependencies = (
			);
			name = "Launchpad-chat";
			productName = "Launchpad-chat";
			productReference = 007A4B2A1A8D775D00559027 /* Launchpad-chat.app */;
			productType = "com.apple.product-type.application";
		};
		007A4B421A8D775D00559027 /* Launchpad-chatTests */ = {
			isa = PBXNativeTarget;
			buildConfigurationList = 007A4B501A8D775D00559027 /* Build configuration list for PBXNativeTarget "Launchpad-chatTests" */;
			buildPhases = (
				007A4B3F1A8D775D00559027 /* Sources */,
				007A4B401A8D775D00559027 /* Frameworks */,
				007A4B411A8D775D00559027 /* Resources */,
			);
			buildRules = (
			);
			dependencies = (
				007A4B451A8D775D00559027 /* PBXTargetDependency */,
			);
			name = "Launchpad-chatTests";
			productName = "Launchpad-chatTests";
			productReference = 007A4B431A8D775D00559027 /* Launchpad-chatTests.xctest */;
			productType = "com.apple.product-type.bundle.unit-test";
		};
/* End PBXNativeTarget section */

/* Begin PBXProject section */
		007A4B221A8D775D00559027 /* Project object */ = {
			isa = PBXProject;
			attributes = {
				LastUpgradeCheck = 0610;
				ORGANIZATIONNAME = lernu;
				TargetAttributes = {
					007A4B291A8D775D00559027 = {
						CreatedOnToolsVersion = 6.1.1;
						DevelopmentTeam = ZG5E53AF2K;
						SystemCapabilities = {
							com.apple.iCloud = {
								enabled = 1;
							};
						};
					};
					007A4B421A8D775D00559027 = {
						CreatedOnToolsVersion = 6.1.1;
						TestTargetID = 007A4B291A8D775D00559027;
					};
				};
			};
			buildConfigurationList = 007A4B251A8D775D00559027 /* Build configuration list for PBXProject "Launchpad-chat" */;
			compatibilityVersion = "Xcode 3.2";
			developmentRegion = English;
			hasScannedForEncodings = 0;
			knownRegions = (
				en,
				Base,
			);
			mainGroup = 007A4B211A8D775D00559027;
			productRefGroup = 007A4B2B1A8D775D00559027 /* Products */;
			projectDirPath = "";
			projectRoot = "";
			targets = (
				007A4B291A8D775D00559027 /* Launchpad-chat */,
				007A4B421A8D775D00559027 /* Launchpad-chatTests */,
			);
		};
/* End PBXProject section */

/* Begin PBXResourcesBuildPhase section */
		007A4B281A8D775D00559027 /* Resources */ = {
			isa = PBXResourcesBuildPhase;
			buildActionMask = 2147483647;
			files = (
				007A4B391A8D775D00559027 /* Main.storyboard in Resources */,
				007A4B3E1A8D775D00559027 /* LaunchScreen.xib in Resources */,
				007A4B3B1A8D775D00559027 /* Images.xcassets in Resources */,
			);
			runOnlyForDeploymentPostprocessing = 0;
		};
		007A4B411A8D775D00559027 /* Resources */ = {
			isa = PBXResourcesBuildPhase;
			buildActionMask = 2147483647;
			files = (
			);
			runOnlyForDeploymentPostprocessing = 0;
		};
/* End PBXResourcesBuildPhase section */

/* Begin PBXSourcesBuildPhase section */
		007A4B261A8D775D00559027 /* Sources */ = {
			isa = PBXSourcesBuildPhase;
			buildActionMask = 2147483647;
			files = (
				E783207F1A96C031000E3ABC /* Conversation+Additions.m in Sources */,
				E77ED7501A9FF67F00D1B227 /* OnlineStatusView.m in Sources */,
				E796D2991A96B7ED00FBC9E0 /* UINewUserViewController.m in Sources */,
				0021A1C41AB86BA900DA7114 /* UserInfo.m in Sources */,
				E78320821A96C031000E3ABC /* Sent.xcdatamodeld in Sources */,
				E78320861A96C031000E3ABC /* User+Additions.m in Sources */,
				E703FEE71A9D4BC60073FE56 /* Message+Additions.m in Sources */,
				D7B905E21A942095004BC539 /* LoginViewController.m in Sources */,
				E77ED7511A9FF67F00D1B227 /* ProfilePicturesImageView.m in Sources */,
				E77F1E251A9FEA320012534A /* Conversation.m in Sources */,
				E703FEE31A9D4B730073FE56 /* UIMessageListViewController.m in Sources */,
				CFC71E231A9FDFAB0083E005 /* ConversationTableViewController.m in Sources */,
				E78320801A96C031000E3ABC /* CoreDataTableViewController.m in Sources */,
				E78320841A96C031000E3ABC /* UIMessagesViewController.m in Sources */,
				E78320831A96C031000E3ABC /* UIConversationViewController.m in Sources */,
				007A4B331A8D775D00559027 /* AppDelegate.m in Sources */,
				E78320871A96C031000E3ABC /* UserTableViewController.m in Sources */,
				3D3178831AA67C7A0072EC26 /* UIUserTableViewCell.m in Sources */,
				0021A1C71AB8AE7B00DA7114 /* ImportOperation.m in Sources */,
				E796D2961A96B78100FBC9E0 /* UINewMessageViewController.m in Sources */,
				0021A1CD1AB8D1EA00DA7114 /* PendingOperations.m in Sources */,
				E77F1E281A9FF7970012534A /* User.m in Sources */,
				00F9DA6E1AAFA5B000E691D7 /* DialogTableViewController.m in Sources */,
				E79D13EE1A9D57A600D9E880 /* LoginTextField.m in Sources */,
				E78320811A96C031000E3ABC /* Message.m in Sources */,
				007A4B301A8D775D00559027 /* main.m in Sources */,
				F0ADD8FB1AB8F31A00369B59 /* UISetAvatarViewController.m in Sources */,
				0021A1C11AB86A8F00DA7114 /* CloudModel.m in Sources */,
			);
			runOnlyForDeploymentPostprocessing = 0;
		};
		007A4B3F1A8D775D00559027 /* Sources */ = {
			isa = PBXSourcesBuildPhase;
			buildActionMask = 2147483647;
			files = (
				EF17FCDD1AA92413006D236D /* ConversationAdditionsTests.m in Sources */,
				E78320691A96BFF6000E3ABC /* UserAdditionsTests.m in Sources */,
				E78B153C1AA67ADB0007028C /* MessageAdditionsTests.m in Sources */,
				007A4B4A1A8D775D00559027 /* Launchpad_chatTests.m in Sources */,
			);
			runOnlyForDeploymentPostprocessing = 0;
		};
/* End PBXSourcesBuildPhase section */

/* Begin PBXTargetDependency section */
		007A4B451A8D775D00559027 /* PBXTargetDependency */ = {
			isa = PBXTargetDependency;
			target = 007A4B291A8D775D00559027 /* Launchpad-chat */;
			targetProxy = 007A4B441A8D775D00559027 /* PBXContainerItemProxy */;
		};
/* End PBXTargetDependency section */

/* Begin PBXVariantGroup section */
		007A4B371A8D775D00559027 /* Main.storyboard */ = {
			isa = PBXVariantGroup;
			children = (
				007A4B381A8D775D00559027 /* Base */,
			);
			name = Main.storyboard;
			sourceTree = "<group>";
		};
		007A4B3C1A8D775D00559027 /* LaunchScreen.xib */ = {
			isa = PBXVariantGroup;
			children = (
				007A4B3D1A8D775D00559027 /* Base */,
			);
			name = LaunchScreen.xib;
			sourceTree = "<group>";
		};
/* End PBXVariantGroup section */

/* Begin XCBuildConfiguration section */
		007A4B4B1A8D775D00559027 /* Debug */ = {
			isa = XCBuildConfiguration;
			buildSettings = {
				ALWAYS_SEARCH_USER_PATHS = NO;
				CLANG_CXX_LANGUAGE_STANDARD = "gnu++0x";
				CLANG_CXX_LIBRARY = "libc++";
				CLANG_ENABLE_MODULES = YES;
				CLANG_ENABLE_OBJC_ARC = YES;
				CLANG_WARN_BOOL_CONVERSION = YES;
				CLANG_WARN_CONSTANT_CONVERSION = YES;
				CLANG_WARN_DIRECT_OBJC_ISA_USAGE = YES_ERROR;
				CLANG_WARN_EMPTY_BODY = YES;
				CLANG_WARN_ENUM_CONVERSION = YES;
				CLANG_WARN_INT_CONVERSION = YES;
				CLANG_WARN_OBJC_ROOT_CLASS = YES_ERROR;
				CLANG_WARN_UNREACHABLE_CODE = YES;
				CLANG_WARN__DUPLICATE_METHOD_MATCH = YES;
				"CODE_SIGN_IDENTITY[sdk=iphoneos*]" = "iPhone Developer";
				COPY_PHASE_STRIP = NO;
				ENABLE_STRICT_OBJC_MSGSEND = YES;
				GCC_C_LANGUAGE_STANDARD = gnu99;
				GCC_DYNAMIC_NO_PIC = NO;
				GCC_OPTIMIZATION_LEVEL = 0;
				GCC_PREPROCESSOR_DEFINITIONS = (
					"DEBUG=1",
					"$(inherited)",
				);
				GCC_SYMBOLS_PRIVATE_EXTERN = NO;
				GCC_WARN_64_TO_32_BIT_CONVERSION = YES;
				GCC_WARN_ABOUT_RETURN_TYPE = YES_ERROR;
				GCC_WARN_UNDECLARED_SELECTOR = YES;
				GCC_WARN_UNINITIALIZED_AUTOS = YES_AGGRESSIVE;
				GCC_WARN_UNUSED_FUNCTION = YES;
				GCC_WARN_UNUSED_VARIABLE = YES;
				IPHONEOS_DEPLOYMENT_TARGET = 8.1;
				MTL_ENABLE_DEBUG_INFO = YES;
				ONLY_ACTIVE_ARCH = YES;
				SDKROOT = iphoneos;
				TARGETED_DEVICE_FAMILY = "1,2";
			};
			name = Debug;
		};
		007A4B4C1A8D775D00559027 /* Release */ = {
			isa = XCBuildConfiguration;
			buildSettings = {
				ALWAYS_SEARCH_USER_PATHS = NO;
				CLANG_CXX_LANGUAGE_STANDARD = "gnu++0x";
				CLANG_CXX_LIBRARY = "libc++";
				CLANG_ENABLE_MODULES = YES;
				CLANG_ENABLE_OBJC_ARC = YES;
				CLANG_WARN_BOOL_CONVERSION = YES;
				CLANG_WARN_CONSTANT_CONVERSION = YES;
				CLANG_WARN_DIRECT_OBJC_ISA_USAGE = YES_ERROR;
				CLANG_WARN_EMPTY_BODY = YES;
				CLANG_WARN_ENUM_CONVERSION = YES;
				CLANG_WARN_INT_CONVERSION = YES;
				CLANG_WARN_OBJC_ROOT_CLASS = YES_ERROR;
				CLANG_WARN_UNREACHABLE_CODE = YES;
				CLANG_WARN__DUPLICATE_METHOD_MATCH = YES;
				"CODE_SIGN_IDENTITY[sdk=iphoneos*]" = "iPhone Developer";
				COPY_PHASE_STRIP = YES;
				ENABLE_NS_ASSERTIONS = NO;
				ENABLE_STRICT_OBJC_MSGSEND = YES;
				GCC_C_LANGUAGE_STANDARD = gnu99;
				GCC_WARN_64_TO_32_BIT_CONVERSION = YES;
				GCC_WARN_ABOUT_RETURN_TYPE = YES_ERROR;
				GCC_WARN_UNDECLARED_SELECTOR = YES;
				GCC_WARN_UNINITIALIZED_AUTOS = YES_AGGRESSIVE;
				GCC_WARN_UNUSED_FUNCTION = YES;
				GCC_WARN_UNUSED_VARIABLE = YES;
				IPHONEOS_DEPLOYMENT_TARGET = 8.1;
				MTL_ENABLE_DEBUG_INFO = NO;
				SDKROOT = iphoneos;
				TARGETED_DEVICE_FAMILY = "1,2";
				VALIDATE_PRODUCT = YES;
			};
			name = Release;
		};
		007A4B4E1A8D775D00559027 /* Debug */ = {
			isa = XCBuildConfiguration;
			buildSettings = {
				ASSETCATALOG_COMPILER_APPICON_NAME = AppIcon;
				CODE_SIGN_ENTITLEMENTS = "Launchpad-chat/Launchpad-chat.entitlements";
				CODE_SIGN_IDENTITY = "iPhone Developer";
				"CODE_SIGN_IDENTITY[sdk=iphoneos*]" = "iPhone Developer";
				INFOPLIST_FILE = "Launchpad-chat/Info.plist";
				LD_RUNPATH_SEARCH_PATHS = "$(inherited) @executable_path/Frameworks";
				PRODUCT_NAME = "$(TARGET_NAME)";
				PROVISIONING_PROFILE = "";
			};
			name = Debug;
		};
		007A4B4F1A8D775D00559027 /* Release */ = {
			isa = XCBuildConfiguration;
			buildSettings = {
				ASSETCATALOG_COMPILER_APPICON_NAME = AppIcon;
				CODE_SIGN_ENTITLEMENTS = "Launchpad-chat/Launchpad-chat.entitlements";
				CODE_SIGN_IDENTITY = "iPhone Developer";
				"CODE_SIGN_IDENTITY[sdk=iphoneos*]" = "iPhone Developer";
				INFOPLIST_FILE = "Launchpad-chat/Info.plist";
				LD_RUNPATH_SEARCH_PATHS = "$(inherited) @executable_path/Frameworks";
				PRODUCT_NAME = "$(TARGET_NAME)";
				PROVISIONING_PROFILE = "";
			};
			name = Release;
		};
		007A4B511A8D775D00559027 /* Debug */ = {
			isa = XCBuildConfiguration;
			buildSettings = {
				BUNDLE_LOADER = "$(TEST_HOST)";
				FRAMEWORK_SEARCH_PATHS = (
					"$(SDKROOT)/Developer/Library/Frameworks",
					"$(inherited)",
				);
				GCC_PREPROCESSOR_DEFINITIONS = (
					"DEBUG=1",
					"$(inherited)",
				);
				INFOPLIST_FILE = "Launchpad-chatTests/Info.plist";
				LD_RUNPATH_SEARCH_PATHS = "$(inherited) @executable_path/Frameworks @loader_path/Frameworks";
				PRODUCT_NAME = "$(TARGET_NAME)";
				TEST_HOST = "$(BUILT_PRODUCTS_DIR)/Launchpad-chat.app/Launchpad-chat";
			};
			name = Debug;
		};
		007A4B521A8D775D00559027 /* Release */ = {
			isa = XCBuildConfiguration;
			buildSettings = {
				BUNDLE_LOADER = "$(TEST_HOST)";
				FRAMEWORK_SEARCH_PATHS = (
					"$(SDKROOT)/Developer/Library/Frameworks",
					"$(inherited)",
				);
				INFOPLIST_FILE = "Launchpad-chatTests/Info.plist";
				LD_RUNPATH_SEARCH_PATHS = "$(inherited) @executable_path/Frameworks @loader_path/Frameworks";
				PRODUCT_NAME = "$(TARGET_NAME)";
				TEST_HOST = "$(BUILT_PRODUCTS_DIR)/Launchpad-chat.app/Launchpad-chat";
			};
			name = Release;
		};
/* End XCBuildConfiguration section */

/* Begin XCConfigurationList section */
		007A4B251A8D775D00559027 /* Build configuration list for PBXProject "Launchpad-chat" */ = {
			isa = XCConfigurationList;
			buildConfigurations = (
				007A4B4B1A8D775D00559027 /* Debug */,
				007A4B4C1A8D775D00559027 /* Release */,
			);
			defaultConfigurationIsVisible = 0;
			defaultConfigurationName = Release;
		};
		007A4B4D1A8D775D00559027 /* Build configuration list for PBXNativeTarget "Launchpad-chat" */ = {
			isa = XCConfigurationList;
			buildConfigurations = (
				007A4B4E1A8D775D00559027 /* Debug */,
				007A4B4F1A8D775D00559027 /* Release */,
			);
			defaultConfigurationIsVisible = 0;
			defaultConfigurationName = Release;
		};
		007A4B501A8D775D00559027 /* Build configuration list for PBXNativeTarget "Launchpad-chatTests" */ = {
			isa = XCConfigurationList;
			buildConfigurations = (
				007A4B511A8D775D00559027 /* Debug */,
				007A4B521A8D775D00559027 /* Release */,
			);
			defaultConfigurationIsVisible = 0;
			defaultConfigurationName = Release;
		};
/* End XCConfigurationList section */

/* Begin XCVersionGroup section */
		E78320721A96C031000E3ABC /* Sent.xcdatamodeld */ = {
			isa = XCVersionGroup;
			children = (
				E78320731A96C031000E3ABC /* Sent.xcdatamodel */,
			);
			currentVersion = E78320731A96C031000E3ABC /* Sent.xcdatamodel */;
			path = Sent.xcdatamodeld;
			sourceTree = "<group>";
			versionGroupType = wrapper.xcdatamodel;
		};
/* End XCVersionGroup section */
	};
	rootObject = 007A4B221A8D775D00559027 /* Project object */;
}
